
Microsoft Visual Studio Solution File, Format Version 12.00
# Visual Studio Version 17
VisualStudioVersion = 17.10.35013.160
MinimumVisualStudioVersion = 10.0.40219.1
Project("{9A19103F-16F7-4668-BE54-9A1E7A4F7556}") = "SchoolApp", "SchoolApp.csproj", "{7B3777B0-5571-47A0-83E5-4C3D312E1A9C}"
EndProject
Global
	GlobalSection(SolutionConfigurationPlatforms) = preSolution
		Debug|Any CPU = Debug|Any CPU
		Release|Any CPU = Release|Any CPU
	EndGlobalSection
	GlobalSection(ProjectConfigurationPlatforms) = postSolution
		{7B3777B0-5571-47A0-83E5-4C3D312E1A9C}.Debug|Any CPU.ActiveCfg = Debug|Any CPU
		{7B3777B0-5571-47A0-83E5-4C3D312E1A9C}.Debug|Any CPU.Build.0 = Debug|Any CPU
		{7B3777B0-5571-47A0-83E5-4C3D312E1A9C}.Release|Any CPU.ActiveCfg = Release|Any CPU
		{7B3777B0-5571-47A0-83E5-4C3D312E1A9C}.Release|Any CPU.Build.0 = Release|Any CPU
	EndGlobalSection
	GlobalSection(SolutionProperties) = preSolution
		HideSolutionNode = FALSE
	EndGlobalSection
	GlobalSection(ExtensibilityGlobals) = postSolution
		SolutionGuid = {2BA45B81-A523-463D-A208-D303B765CF5B}
	EndGlobalSection
EndGlobal
